
Microsoft Visual Studio Solution File, Format Version 12.00
# Visual Studio Version 17
VisualStudioVersion = 17.4.33122.133
MinimumVisualStudioVersion = 10.0.40219.1
Project("{2150E333-8FDC-42A3-9474-1A3956D46DE8}") = "src", "src", "{5CBB801D-9DA8-4456-8FD2-9BAE326160CA}"
EndProject
Project("{2150E333-8FDC-42A3-9474-1A3956D46DE8}") = "tests", "tests", "{14BA8275-AE4D-442A-BE15-BB5F726A52D8}"
EndProject
Project("{9A19103F-16F7-4668-BE54-9A1E7A4F7556}") = "Codeflix.Catalog.Domain", "Codeflix.Catalog.Domain\Codeflix.Catalog.Domain.csproj", "{DB731A4C-7C96-4AB2-8ABE-986B3F8D3D7A}"
EndProject
Project("{9A19103F-16F7-4668-BE54-9A1E7A4F7556}") = "Codeflix.Catalog.UnitTests", "..\tests\Codeflix.Catalog.UnitTests\Codeflix.Catalog.UnitTests.csproj", "{8E8A1D33-9410-46D2-9B5C-11BB4288531E}"
EndProject
Global
	GlobalSection(SolutionConfigurationPlatforms) = preSolution
		Debug|Any CPU = Debug|Any CPU
		Release|Any CPU = Release|Any CPU
	EndGlobalSection
	GlobalSection(ProjectConfigurationPlatforms) = postSolution
		{DB731A4C-7C96-4AB2-8ABE-986B3F8D3D7A}.Debug|Any CPU.ActiveCfg = Debug|Any CPU
		{DB731A4C-7C96-4AB2-8ABE-986B3F8D3D7A}.Debug|Any CPU.Build.0 = Debug|Any CPU
		{DB731A4C-7C96-4AB2-8ABE-986B3F8D3D7A}.Release|Any CPU.ActiveCfg = Release|Any CPU
		{DB731A4C-7C96-4AB2-8ABE-986B3F8D3D7A}.Release|Any CPU.Build.0 = Release|Any CPU
		{8E8A1D33-9410-46D2-9B5C-11BB4288531E}.Debug|Any CPU.ActiveCfg = Debug|Any CPU
		{8E8A1D33-9410-46D2-9B5C-11BB4288531E}.Debug|Any CPU.Build.0 = Debug|Any CPU
		{8E8A1D33-9410-46D2-9B5C-11BB4288531E}.Release|Any CPU.ActiveCfg = Release|Any CPU
		{8E8A1D33-9410-46D2-9B5C-11BB4288531E}.Release|Any CPU.Build.0 = Release|Any CPU
	EndGlobalSection
	GlobalSection(SolutionProperties) = preSolution
		HideSolutionNode = FALSE
	EndGlobalSection
	GlobalSection(NestedProjects) = preSolution
		{DB731A4C-7C96-4AB2-8ABE-986B3F8D3D7A} = {5CBB801D-9DA8-4456-8FD2-9BAE326160CA}
		{8E8A1D33-9410-46D2-9B5C-11BB4288531E} = {14BA8275-AE4D-442A-BE15-BB5F726A52D8}
	EndGlobalSection
	GlobalSection(ExtensibilityGlobals) = postSolution
		SolutionGuid = {0FB18106-E94D-488F-A056-314BC4F1CE3C}
	EndGlobalSection
EndGlobal
